
Microsoft Visual Studio Solution File, Format Version 12.00
# Visual Studio Version 16
VisualStudioVersion = 16.0.31025.194
MinimumVisualStudioVersion = 10.0.40219.1
Project("{FAE04EC0-301F-11D3-BF4B-00C04F79EFBC}") = "PruebaGitHubActions", "PruebaGitHubActions\PruebaGitHubActions.csproj", "{0D96BB76-AC64-4729-810F-80E898878779}"
EndProject
Global
	GlobalSection(SolutionConfigurationPlatforms) = preSolution
		Debug|Any CPU = Debug|Any CPU
		Release|Any CPU = Release|Any CPU
	EndGlobalSection
	GlobalSection(ProjectConfigurationPlatforms) = postSolution
		{0D96BB76-AC64-4729-810F-80E898878779}.Debug|Any CPU.ActiveCfg = Debug|Any CPU
		{0D96BB76-AC64-4729-810F-80E898878779}.Debug|Any CPU.Build.0 = Debug|Any CPU
		{0D96BB76-AC64-4729-810F-80E898878779}.Release|Any CPU.ActiveCfg = Release|Any CPU
		{0D96BB76-AC64-4729-810F-80E898878779}.Release|Any CPU.Build.0 = Release|Any CPU
	EndGlobalSection
	GlobalSection(SolutionProperties) = preSolution
		HideSolutionNode = FALSE
	EndGlobalSection
	GlobalSection(ExtensibilityGlobals) = postSolution
		SolutionGuid = {4204B9A4-00F3-426F-875A-8DE5BF7236CC}
	EndGlobalSection
EndGlobal
